// !$*UTF8*$!
{
	archiveVersion = 1;
	classes = {
	};
	objectVersion = 55;
	objects = {

/* Begin PBXBuildFile section */
		5EC32B1027D8F3810089DAEE /* AppState.swift in Sources */ = {isa = PBXBuildFile; fileRef = 5EC32B0F27D8F3810089DAEE /* AppState.swift */; };
		5EE1639027D65ED700EA0B84 /* Tests_iOS.swift in Sources */ = {isa = PBXBuildFile; fileRef = 5EE1638F27D65ED700EA0B84 /* Tests_iOS.swift */; };
		5EE1639227D65ED700EA0B84 /* Tests_iOSLaunchTests.swift in Sources */ = {isa = PBXBuildFile; fileRef = 5EE1639127D65ED700EA0B84 /* Tests_iOSLaunchTests.swift */; };
		5EE1639C27D65ED700EA0B84 /* Tests_macOS.swift in Sources */ = {isa = PBXBuildFile; fileRef = 5EE1639B27D65ED700EA0B84 /* Tests_macOS.swift */; };
		5EE1639E27D65ED700EA0B84 /* Tests_macOSLaunchTests.swift in Sources */ = {isa = PBXBuildFile; fileRef = 5EE1639D27D65ED700EA0B84 /* Tests_macOSLaunchTests.swift */; };
		5EE1639F27D65ED700EA0B84 /* blueprint.xcdatamodeld in Sources */ = {isa = PBXBuildFile; fileRef = 5EE1637427D65ED600EA0B84 /* blueprint.xcdatamodeld */; };
		5EE163A027D65ED700EA0B84 /* blueprint.xcdatamodeld in Sources */ = {isa = PBXBuildFile; fileRef = 5EE1637427D65ED600EA0B84 /* blueprint.xcdatamodeld */; };
		5EE163A127D65ED700EA0B84 /* blueprintApp.swift in Sources */ = {isa = PBXBuildFile; fileRef = 5EE1637627D65ED600EA0B84 /* blueprintApp.swift */; };
		5EE163A227D65ED700EA0B84 /* blueprintApp.swift in Sources */ = {isa = PBXBuildFile; fileRef = 5EE1637627D65ED600EA0B84 /* blueprintApp.swift */; };
		5EE163A327D65ED700EA0B84 /* MainView.swift in Sources */ = {isa = PBXBuildFile; fileRef = 5EE1637727D65ED600EA0B84 /* MainView.swift */; };
		5EE163A427D65ED700EA0B84 /* MainView.swift in Sources */ = {isa = PBXBuildFile; fileRef = 5EE1637727D65ED600EA0B84 /* MainView.swift */; };
		5EE163A527D65ED700EA0B84 /* Persistence.swift in Sources */ = {isa = PBXBuildFile; fileRef = 5EE1637827D65ED600EA0B84 /* Persistence.swift */; };
		5EE163A627D65ED700EA0B84 /* Persistence.swift in Sources */ = {isa = PBXBuildFile; fileRef = 5EE1637827D65ED600EA0B84 /* Persistence.swift */; };
		5EE163A727D65ED700EA0B84 /* Assets.xcassets in Resources */ = {isa = PBXBuildFile; fileRef = 5EE1637927D65ED700EA0B84 /* Assets.xcassets */; };
		5EE163A827D65ED700EA0B84 /* Assets.xcassets in Resources */ = {isa = PBXBuildFile; fileRef = 5EE1637927D65ED700EA0B84 /* Assets.xcassets */; };
		5EE163B927D6609800EA0B84 /* ComposableArchitecture in Frameworks */ = {isa = PBXBuildFile; productRef = 5EE163B827D6609800EA0B84 /* ComposableArchitecture */; };
/* End PBXBuildFile section */

/* Begin PBXContainerItemProxy section */
		5EE1638C27D65ED700EA0B84 /* PBXContainerItemProxy */ = {
			isa = PBXContainerItemProxy;
			containerPortal = 5EE1636F27D65ED600EA0B84 /* Project object */;
			proxyType = 1;
			remoteGlobalIDString = 5EE1637D27D65ED700EA0B84;
			remoteInfo = "blueprint (iOS)";
		};
		5EE1639827D65ED700EA0B84 /* PBXContainerItemProxy */ = {
			isa = PBXContainerItemProxy;
			containerPortal = 5EE1636F27D65ED600EA0B84 /* Project object */;
			proxyType = 1;
			remoteGlobalIDString = 5EE1638327D65ED700EA0B84;
			remoteInfo = "blueprint (macOS)";
		};
/* End PBXContainerItemProxy section */

/* Begin PBXFileReference section */
		5EC32B0F27D8F3810089DAEE /* AppState.swift */ = {isa = PBXFileReference; lastKnownFileType = sourcecode.swift; path = AppState.swift; sourceTree = "<group>"; };
		5EE1637527D65ED600EA0B84 /* Shared.xcdatamodel */ = {isa = PBXFileReference; lastKnownFileType = wrapper.xcdatamodel; path = Shared.xcdatamodel; sourceTree = "<group>"; };
		5EE1637627D65ED600EA0B84 /* blueprintApp.swift */ = {isa = PBXFileReference; lastKnownFileType = sourcecode.swift; path = blueprintApp.swift; sourceTree = "<group>"; };
		5EE1637727D65ED600EA0B84 /* MainView.swift */ = {isa = PBXFileReference; lastKnownFileType = sourcecode.swift; path = MainView.swift; sourceTree = "<group>"; };
		5EE1637827D65ED600EA0B84 /* Persistence.swift */ = {isa = PBXFileReference; lastKnownFileType = sourcecode.swift; path = Persistence.swift; sourceTree = "<group>"; };
		5EE1637927D65ED700EA0B84 /* Assets.xcassets */ = {isa = PBXFileReference; lastKnownFileType = folder.assetcatalog; path = Assets.xcassets; sourceTree = "<group>"; };
		5EE1637E27D65ED700EA0B84 /* blueprint.app */ = {isa = PBXFileReference; explicitFileType = wrapper.application; includeInIndex = 0; path = blueprint.app; sourceTree = BUILT_PRODUCTS_DIR; };
		5EE1638427D65ED700EA0B84 /* blueprint.app */ = {isa = PBXFileReference; explicitFileType = wrapper.application; includeInIndex = 0; path = blueprint.app; sourceTree = BUILT_PRODUCTS_DIR; };
		5EE1638627D65ED700EA0B84 /* macOS.entitlements */ = {isa = PBXFileReference; lastKnownFileType = text.plist.entitlements; path = macOS.entitlements; sourceTree = "<group>"; };
		5EE1638B27D65ED700EA0B84 /* Tests iOS.xctest */ = {isa = PBXFileReference; explicitFileType = wrapper.cfbundle; includeInIndex = 0; path = "Tests iOS.xctest"; sourceTree = BUILT_PRODUCTS_DIR; };
		5EE1638F27D65ED700EA0B84 /* Tests_iOS.swift */ = {isa = PBXFileReference; lastKnownFileType = sourcecode.swift; path = Tests_iOS.swift; sourceTree = "<group>"; };
		5EE1639127D65ED700EA0B84 /* Tests_iOSLaunchTests.swift */ = {isa = PBXFileReference; lastKnownFileType = sourcecode.swift; path = Tests_iOSLaunchTests.swift; sourceTree = "<group>"; };
		5EE1639727D65ED700EA0B84 /* Tests macOS.xctest */ = {isa = PBXFileReference; explicitFileType = wrapper.cfbundle; includeInIndex = 0; path = "Tests macOS.xctest"; sourceTree = BUILT_PRODUCTS_DIR; };
		5EE1639B27D65ED700EA0B84 /* Tests_macOS.swift */ = {isa = PBXFileReference; lastKnownFileType = sourcecode.swift; path = Tests_macOS.swift; sourceTree = "<group>"; };
		5EE1639D27D65ED700EA0B84 /* Tests_macOSLaunchTests.swift */ = {isa = PBXFileReference; lastKnownFileType = sourcecode.swift; path = Tests_macOSLaunchTests.swift; sourceTree = "<group>"; };
/* End PBXFileReference section */

/* Begin PBXFrameworksBuildPhase section */
		5EE1637B27D65ED700EA0B84 /* Frameworks */ = {
			isa = PBXFrameworksBuildPhase;
			buildActionMask = 2147483647;
			files = (
				5EE163B927D6609800EA0B84 /* ComposableArchitecture in Frameworks */,
			);
			runOnlyForDeploymentPostprocessing = 0;
		};
		5EE1638127D65ED700EA0B84 /* Frameworks */ = {
			isa = PBXFrameworksBuildPhase;
			buildActionMask = 2147483647;
			files = (
			);
			runOnlyForDeploymentPostprocessing = 0;
		};
		5EE1638827D65ED700EA0B84 /* Frameworks */ = {
			isa = PBXFrameworksBuildPhase;
			buildActionMask = 2147483647;
			files = (
			);
			runOnlyForDeploymentPostprocessing = 0;
		};
		5EE1639427D65ED700EA0B84 /* Frameworks */ = {
			isa = PBXFrameworksBuildPhase;
			buildActionMask = 2147483647;
			files = (
			);
			runOnlyForDeploymentPostprocessing = 0;
		};
/* End PBXFrameworksBuildPhase section */

/* Begin PBXGroup section */
		5EC32B0D27D8ECC20089DAEE /* iOS */ = {
			isa = PBXGroup;
			children = (
				5EE1637727D65ED600EA0B84 /* MainView.swift */,
			);
			path = iOS;
			sourceTree = "<group>";
		};
		5EC32B0E27D8F3720089DAEE /* State */ = {
			isa = PBXGroup;
			children = (
				5EC32B0F27D8F3810089DAEE /* AppState.swift */,
			);
			path = State;
			sourceTree = "<group>";
		};
		5EE1636E27D65ED600EA0B84 = {
			isa = PBXGroup;
			children = (
				5EE1637327D65ED600EA0B84 /* Shared */,
				5EC32B0D27D8ECC20089DAEE /* iOS */,
				5EE1638527D65ED700EA0B84 /* macOS */,
				5EE1638E27D65ED700EA0B84 /* Tests iOS */,
				5EE1639A27D65ED700EA0B84 /* Tests macOS */,
				5EE1637F27D65ED700EA0B84 /* Products */,
			);
			sourceTree = "<group>";
		};
		5EE1637327D65ED600EA0B84 /* Shared */ = {
			isa = PBXGroup;
			children = (
				5EC32B0E27D8F3720089DAEE /* State */,
				5EE163BB27D6627900EA0B84 /* Views */,
				5EE163BA27D6625800EA0B84 /* Model */,
				5EE1637627D65ED600EA0B84 /* blueprintApp.swift */,
				5EE1637827D65ED600EA0B84 /* Persistence.swift */,
				5EE1637927D65ED700EA0B84 /* Assets.xcassets */,
				5EE1637427D65ED600EA0B84 /* blueprint.xcdatamodeld */,
			);
			path = Shared;
			sourceTree = "<group>";
		};
		5EE1637F27D65ED700EA0B84 /* Products */ = {
			isa = PBXGroup;
			children = (
				5EE1637E27D65ED700EA0B84 /* blueprint.app */,
				5EE1638427D65ED700EA0B84 /* blueprint.app */,
				5EE1638B27D65ED700EA0B84 /* Tests iOS.xctest */,
				5EE1639727D65ED700EA0B84 /* Tests macOS.xctest */,
			);
			name = Products;
			sourceTree = "<group>";
		};
		5EE1638527D65ED700EA0B84 /* macOS */ = {
			isa = PBXGroup;
			children = (
				5EE1638627D65ED700EA0B84 /* macOS.entitlements */,
			);
			path = macOS;
			sourceTree = "<group>";
		};
		5EE1638E27D65ED700EA0B84 /* Tests iOS */ = {
			isa = PBXGroup;
			children = (
				5EE1638F27D65ED700EA0B84 /* Tests_iOS.swift */,
				5EE1639127D65ED700EA0B84 /* Tests_iOSLaunchTests.swift */,
			);
			path = "Tests iOS";
			sourceTree = "<group>";
		};
		5EE1639A27D65ED700EA0B84 /* Tests macOS */ = {
			isa = PBXGroup;
			children = (
				5EE1639B27D65ED700EA0B84 /* Tests_macOS.swift */,
				5EE1639D27D65ED700EA0B84 /* Tests_macOSLaunchTests.swift */,
			);
			path = "Tests macOS";
			sourceTree = "<group>";
		};
		5EE163BA27D6625800EA0B84 /* Model */ = {
			isa = PBXGroup;
			children = (
			);
			path = Model;
			sourceTree = "<group>";
		};
		5EE163BB27D6627900EA0B84 /* Views */ = {
			isa = PBXGroup;
			children = (
			);
			path = Views;
			sourceTree = "<group>";
		};
/* End PBXGroup section */

/* Begin PBXNativeTarget section */
		5EE1637D27D65ED700EA0B84 /* blueprint (iOS) */ = {
			isa = PBXNativeTarget;
			buildConfigurationList = 5EE163AB27D65ED700EA0B84 /* Build configuration list for PBXNativeTarget "blueprint (iOS)" */;
			buildPhases = (
				5EE1637A27D65ED700EA0B84 /* Sources */,
				5EE1637B27D65ED700EA0B84 /* Frameworks */,
				5EE1637C27D65ED700EA0B84 /* Resources */,
			);
			buildRules = (
			);
			dependencies = (
			);
			name = "blueprint (iOS)";
			packageProductDependencies = (
				5EE163B827D6609800EA0B84 /* ComposableArchitecture */,
			);
			productName = "blueprint (iOS)";
			productReference = 5EE1637E27D65ED700EA0B84 /* blueprint.app */;
			productType = "com.apple.product-type.application";
		};
		5EE1638327D65ED700EA0B84 /* blueprint (macOS) */ = {
			isa = PBXNativeTarget;
			buildConfigurationList = 5EE163AE27D65ED700EA0B84 /* Build configuration list for PBXNativeTarget "blueprint (macOS)" */;
			buildPhases = (
				5EE1638027D65ED700EA0B84 /* Sources */,
				5EE1638127D65ED700EA0B84 /* Frameworks */,
				5EE1638227D65ED700EA0B84 /* Resources */,
			);
			buildRules = (
			);
			dependencies = (
			);
			name = "blueprint (macOS)";
			productName = "blueprint (macOS)";
			productReference = 5EE1638427D65ED700EA0B84 /* blueprint.app */;
			productType = "com.apple.product-type.application";
		};
		5EE1638A27D65ED700EA0B84 /* Tests iOS */ = {
			isa = PBXNativeTarget;
			buildConfigurationList = 5EE163B127D65ED700EA0B84 /* Build configuration list for PBXNativeTarget "Tests iOS" */;
			buildPhases = (
				5EE1638727D65ED700EA0B84 /* Sources */,
				5EE1638827D65ED700EA0B84 /* Frameworks */,
				5EE1638927D65ED700EA0B84 /* Resources */,
			);
			buildRules = (
			);
			dependencies = (
				5EE1638D27D65ED700EA0B84 /* PBXTargetDependency */,
			);
			name = "Tests iOS";
			productName = "Tests iOS";
			productReference = 5EE1638B27D65ED700EA0B84 /* Tests iOS.xctest */;
			productType = "com.apple.product-type.bundle.ui-testing";
		};
		5EE1639627D65ED700EA0B84 /* Tests macOS */ = {
			isa = PBXNativeTarget;
			buildConfigurationList = 5EE163B427D65ED700EA0B84 /* Build configuration list for PBXNativeTarget "Tests macOS" */;
			buildPhases = (
				5EE1639327D65ED700EA0B84 /* Sources */,
				5EE1639427D65ED700EA0B84 /* Frameworks */,
				5EE1639527D65ED700EA0B84 /* Resources */,
			);
			buildRules = (
			);
			dependencies = (
				5EE1639927D65ED700EA0B84 /* PBXTargetDependency */,
			);
			name = "Tests macOS";
			productName = "Tests macOS";
			productReference = 5EE1639727D65ED700EA0B84 /* Tests macOS.xctest */;
			productType = "com.apple.product-type.bundle.ui-testing";
		};
/* End PBXNativeTarget section */

/* Begin PBXProject section */
		5EE1636F27D65ED600EA0B84 /* Project object */ = {
			isa = PBXProject;
			attributes = {
				BuildIndependentTargetsInParallel = 1;
				LastSwiftUpdateCheck = 1320;
				LastUpgradeCheck = 1320;
				TargetAttributes = {
					5EE1637D27D65ED700EA0B84 = {
						CreatedOnToolsVersion = 13.2.1;
					};
					5EE1638327D65ED700EA0B84 = {
						CreatedOnToolsVersion = 13.2.1;
					};
					5EE1638A27D65ED700EA0B84 = {
						CreatedOnToolsVersion = 13.2.1;
						TestTargetID = 5EE1637D27D65ED700EA0B84;
					};
					5EE1639627D65ED700EA0B84 = {
						CreatedOnToolsVersion = 13.2.1;
						TestTargetID = 5EE1638327D65ED700EA0B84;
					};
				};
			};
			buildConfigurationList = 5EE1637227D65ED600EA0B84 /* Build configuration list for PBXProject "blueprint" */;
			compatibilityVersion = "Xcode 13.0";
			developmentRegion = en;
			hasScannedForEncodings = 0;
			knownRegions = (
				en,
				Base,
			);
			mainGroup = 5EE1636E27D65ED600EA0B84;
			packageReferences = (
				5EE163B727D6609800EA0B84 /* XCRemoteSwiftPackageReference "swift-composable-architecture" */,
			);
			productRefGroup = 5EE1637F27D65ED700EA0B84 /* Products */;
			projectDirPath = "";
			projectRoot = "";
			targets = (
				5EE1637D27D65ED700EA0B84 /* blueprint (iOS) */,
				5EE1638327D65ED700EA0B84 /* blueprint (macOS) */,
				5EE1638A27D65ED700EA0B84 /* Tests iOS */,
				5EE1639627D65ED700EA0B84 /* Tests macOS */,
			);
		};
/* End PBXProject section */

/* Begin PBXResourcesBuildPhase section */
		5EE1637C27D65ED700EA0B84 /* Resources */ = {
			isa = PBXResourcesBuildPhase;
			buildActionMask = 2147483647;
			files = (
				5EE163A727D65ED700EA0B84 /* Assets.xcassets in Resources */,
			);
			runOnlyForDeploymentPostprocessing = 0;
		};
		5EE1638227D65ED700EA0B84 /* Resources */ = {
			isa = PBXResourcesBuildPhase;
			buildActionMask = 2147483647;
			files = (
				5EE163A827D65ED700EA0B84 /* Assets.xcassets in Resources */,
			);
			runOnlyForDeploymentPostprocessing = 0;
		};
		5EE1638927D65ED700EA0B84 /* Resources */ = {
			isa = PBXResourcesBuildPhase;
			buildActionMask = 2147483647;
			files = (
			);
			runOnlyForDeploymentPostprocessing = 0;
		};
		5EE1639527D65ED700EA0B84 /* Resources */ = {
			isa = PBXResourcesBuildPhase;
			buildActionMask = 2147483647;
			files = (
			);
			runOnlyForDeploymentPostprocessing = 0;
		};
/* End PBXResourcesBuildPhase section */

/* Begin PBXSourcesBuildPhase section */
		5EE1637A27D65ED700EA0B84 /* Sources */ = {
			isa = PBXSourcesBuildPhase;
			buildActionMask = 2147483647;
			files = (
				5EE1639F27D65ED700EA0B84 /* blueprint.xcdatamodeld in Sources */,
				5EC32B1027D8F3810089DAEE /* AppState.swift in Sources */,
				5EE163A527D65ED700EA0B84 /* Persistence.swift in Sources */,
				5EE163A127D65ED700EA0B84 /* blueprintApp.swift in Sources */,
				5EE163A327D65ED700EA0B84 /* MainView.swift in Sources */,
			);
			runOnlyForDeploymentPostprocessing = 0;
		};
		5EE1638027D65ED700EA0B84 /* Sources */ = {
			isa = PBXSourcesBuildPhase;
			buildActionMask = 2147483647;
			files = (
				5EE163A027D65ED700EA0B84 /* blueprint.xcdatamodeld in Sources */,
				5EE163A627D65ED700EA0B84 /* Persistence.swift in Sources */,
				5EE163A227D65ED700EA0B84 /* blueprintApp.swift in Sources */,
				5EE163A427D65ED700EA0B84 /* MainView.swift in Sources */,
			);
			runOnlyForDeploymentPostprocessing = 0;
		};
		5EE1638727D65ED700EA0B84 /* Sources */ = {
			isa = PBXSourcesBuildPhase;
			buildActionMask = 2147483647;
			files = (
				5EE1639227D65ED700EA0B84 /* Tests_iOSLaunchTests.swift in Sources */,
				5EE1639027D65ED700EA0B84 /* Tests_iOS.swift in Sources */,
			);
			runOnlyForDeploymentPostprocessing = 0;
		};
		5EE1639327D65ED700EA0B84 /* Sources */ = {
			isa = PBXSourcesBuildPhase;
			buildActionMask = 2147483647;
			files = (
				5EE1639E27D65ED700EA0B84 /* Tests_macOSLaunchTests.swift in Sources */,
				5EE1639C27D65ED700EA0B84 /* Tests_macOS.swift in Sources */,
			);
			runOnlyForDeploymentPostprocessing = 0;
		};
/* End PBXSourcesBuildPhase section */

/* Begin PBXTargetDependency section */
		5EE1638D27D65ED700EA0B84 /* PBXTargetDependency */ = {
			isa = PBXTargetDependency;
			target = 5EE1637D27D65ED700EA0B84 /* blueprint (iOS) */;
			targetProxy = 5EE1638C27D65ED700EA0B84 /* PBXContainerItemProxy */;
		};
		5EE1639927D65ED700EA0B84 /* PBXTargetDependency */ = {
			isa = PBXTargetDependency;
			target = 5EE1638327D65ED700EA0B84 /* blueprint (macOS) */;
			targetProxy = 5EE1639827D65ED700EA0B84 /* PBXContainerItemProxy */;
		};
/* End PBXTargetDependency section */

/* Begin XCBuildConfiguration section */
		5EE163A927D65ED700EA0B84 /* Debug */ = {
			isa = XCBuildConfiguration;
			buildSettings = {
				ALWAYS_SEARCH_USER_PATHS = NO;
				CLANG_ANALYZER_NONNULL = YES;
				CLANG_ANALYZER_NUMBER_OBJECT_CONVERSION = YES_AGGRESSIVE;
				CLANG_CXX_LANGUAGE_STANDARD = "gnu++17";
				CLANG_CXX_LIBRARY = "libc++";
				CLANG_ENABLE_MODULES = YES;
				CLANG_ENABLE_OBJC_ARC = YES;
				CLANG_ENABLE_OBJC_WEAK = YES;
				CLANG_WARN_BLOCK_CAPTURE_AUTORELEASING = YES;
				CLANG_WARN_BOOL_CONVERSION = YES;
				CLANG_WARN_COMMA = YES;
				CLANG_WARN_CONSTANT_CONVERSION = YES;
				CLANG_WARN_DEPRECATED_OBJC_IMPLEMENTATIONS = YES;
				CLANG_WARN_DIRECT_OBJC_ISA_USAGE = YES_ERROR;
				CLANG_WARN_DOCUMENTATION_COMMENTS = YES;
				CLANG_WARN_EMPTY_BODY = YES;
				CLANG_WARN_ENUM_CONVERSION = YES;
				CLANG_WARN_INFINITE_RECURSION = YES;
				CLANG_WARN_INT_CONVERSION = YES;
				CLANG_WARN_NON_LITERAL_NULL_CONVERSION = YES;
				CLANG_WARN_OBJC_IMPLICIT_RETAIN_SELF = YES;
				CLANG_WARN_OBJC_LITERAL_CONVERSION = YES;
				CLANG_WARN_OBJC_ROOT_CLASS = YES_ERROR;
				CLANG_WARN_QUOTED_INCLUDE_IN_FRAMEWORK_HEADER = YES;
				CLANG_WARN_RANGE_LOOP_ANALYSIS = YES;
				CLANG_WARN_STRICT_PROTOTYPES = YES;
				CLANG_WARN_SUSPICIOUS_MOVE = YES;
				CLANG_WARN_UNGUARDED_AVAILABILITY = YES_AGGRESSIVE;
				CLANG_WARN_UNREACHABLE_CODE = YES;
				CLANG_WARN__DUPLICATE_METHOD_MATCH = YES;
				COPY_PHASE_STRIP = NO;
				DEBUG_INFORMATION_FORMAT = dwarf;
				ENABLE_STRICT_OBJC_MSGSEND = YES;
				ENABLE_TESTABILITY = YES;
				GCC_C_LANGUAGE_STANDARD = gnu11;
				GCC_DYNAMIC_NO_PIC = NO;
				GCC_NO_COMMON_BLOCKS = YES;
				GCC_OPTIMIZATION_LEVEL = 0;
				GCC_PREPROCESSOR_DEFINITIONS = (
					"DEBUG=1",
					"$(inherited)",
				);
				GCC_WARN_64_TO_32_BIT_CONVERSION = YES;
				GCC_WARN_ABOUT_RETURN_TYPE = YES_ERROR;
				GCC_WARN_UNDECLARED_SELECTOR = YES;
				GCC_WARN_UNINITIALIZED_AUTOS = YES_AGGRESSIVE;
				GCC_WARN_UNUSED_FUNCTION = YES;
				GCC_WARN_UNUSED_VARIABLE = YES;
				MTL_ENABLE_DEBUG_INFO = INCLUDE_SOURCE;
				MTL_FAST_MATH = YES;
				ONLY_ACTIVE_ARCH = YES;
				SWIFT_ACTIVE_COMPILATION_CONDITIONS = DEBUG;
				SWIFT_OPTIMIZATION_LEVEL = "-Onone";
				SWIFT_VERSION = "";
			};
			name = Debug;
		};
		5EE163AA27D65ED700EA0B84 /* Release */ = {
			isa = XCBuildConfiguration;
			buildSettings = {
				ALWAYS_SEARCH_USER_PATHS = NO;
				CLANG_ANALYZER_NONNULL = YES;
				CLANG_ANALYZER_NUMBER_OBJECT_CONVERSION = YES_AGGRESSIVE;
				CLANG_CXX_LANGUAGE_STANDARD = "gnu++17";
				CLANG_CXX_LIBRARY = "libc++";
				CLANG_ENABLE_MODULES = YES;
				CLANG_ENABLE_OBJC_ARC = YES;
				CLANG_ENABLE_OBJC_WEAK = YES;
				CLANG_WARN_BLOCK_CAPTURE_AUTORELEASING = YES;
				CLANG_WARN_BOOL_CONVERSION = YES;
				CLANG_WARN_COMMA = YES;
				CLANG_WARN_CONSTANT_CONVERSION = YES;
				CLANG_WARN_DEPRECATED_OBJC_IMPLEMENTATIONS = YES;
				CLANG_WARN_DIRECT_OBJC_ISA_USAGE = YES_ERROR;
				CLANG_WARN_DOCUMENTATION_COMMENTS = YES;
				CLANG_WARN_EMPTY_BODY = YES;
				CLANG_WARN_ENUM_CONVERSION = YES;
				CLANG_WARN_INFINITE_RECURSION = YES;
				CLANG_WARN_INT_CONVERSION = YES;
				CLANG_WARN_NON_LITERAL_NULL_CONVERSION = YES;
				CLANG_WARN_OBJC_IMPLICIT_RETAIN_SELF = YES;
				CLANG_WARN_OBJC_LITERAL_CONVERSION = YES;
				CLANG_WARN_OBJC_ROOT_CLASS = YES_ERROR;
				CLANG_WARN_QUOTED_INCLUDE_IN_FRAMEWORK_HEADER = YES;
				CLANG_WARN_RANGE_LOOP_ANALYSIS = YES;
				CLANG_WARN_STRICT_PROTOTYPES = YES;
				CLANG_WARN_SUSPICIOUS_MOVE = YES;
				CLANG_WARN_UNGUARDED_AVAILABILITY = YES_AGGRESSIVE;
				CLANG_WARN_UNREACHABLE_CODE = YES;
				CLANG_WARN__DUPLICATE_METHOD_MATCH = YES;
				COPY_PHASE_STRIP = NO;
				DEBUG_INFORMATION_FORMAT = "dwarf-with-dsym";
				ENABLE_NS_ASSERTIONS = NO;
				ENABLE_STRICT_OBJC_MSGSEND = YES;
				GCC_C_LANGUAGE_STANDARD = gnu11;
				GCC_NO_COMMON_BLOCKS = YES;
				GCC_WARN_64_TO_32_BIT_CONVERSION = YES;
				GCC_WARN_ABOUT_RETURN_TYPE = YES_ERROR;
				GCC_WARN_UNDECLARED_SELECTOR = YES;
				GCC_WARN_UNINITIALIZED_AUTOS = YES_AGGRESSIVE;
				GCC_WARN_UNUSED_FUNCTION = YES;
				GCC_WARN_UNUSED_VARIABLE = YES;
				MTL_ENABLE_DEBUG_INFO = NO;
				MTL_FAST_MATH = YES;
				SWIFT_COMPILATION_MODE = wholemodule;
				SWIFT_OPTIMIZATION_LEVEL = "-O";
				SWIFT_VERSION = "";
			};
			name = Release;
		};
		5EE163AC27D65ED700EA0B84 /* Debug */ = {
			isa = XCBuildConfiguration;
			buildSettings = {
				ASSETCATALOG_COMPILER_APPICON_NAME = AppIcon;
				ASSETCATALOG_COMPILER_GLOBAL_ACCENT_COLOR_NAME = AccentColor;
				CODE_SIGN_STYLE = Automatic;
				CURRENT_PROJECT_VERSION = 1;
				DEVELOPMENT_TEAM = PHG65TP2F4;
				ENABLE_PREVIEWS = YES;
				GENERATE_INFOPLIST_FILE = YES;
				INFOPLIST_KEY_UIApplicationSceneManifest_Generation = YES;
				INFOPLIST_KEY_UIApplicationSupportsIndirectInputEvents = YES;
				INFOPLIST_KEY_UILaunchScreen_Generation = YES;
				INFOPLIST_KEY_UISupportedInterfaceOrientations_iPad = "UIInterfaceOrientationPortrait UIInterfaceOrientationPortraitUpsideDown UIInterfaceOrientationLandscapeLeft UIInterfaceOrientationLandscapeRight";
				INFOPLIST_KEY_UISupportedInterfaceOrientations_iPhone = "UIInterfaceOrientationPortrait UIInterfaceOrientationLandscapeLeft UIInterfaceOrientationLandscapeRight";
				IPHONEOS_DEPLOYMENT_TARGET = 15.2;
				LD_RUNPATH_SEARCH_PATHS = (
					"$(inherited)",
					"@executable_path/Frameworks",
				);
				MARKETING_VERSION = 1.0;
				PRODUCT_BUNDLE_IDENTIFIER = com.cuong.blueprint;
				PRODUCT_NAME = blueprint;
				SDKROOT = iphoneos;
				SWIFT_EMIT_LOC_STRINGS = YES;
				SWIFT_VERSION = 5.0;
				TARGETED_DEVICE_FAMILY = "1,2";
			};
			name = Debug;
		};
		5EE163AD27D65ED700EA0B84 /* Release */ = {
			isa = XCBuildConfiguration;
			buildSettings = {
				ASSETCATALOG_COMPILER_APPICON_NAME = AppIcon;
				ASSETCATALOG_COMPILER_GLOBAL_ACCENT_COLOR_NAME = AccentColor;
				CODE_SIGN_STYLE = Automatic;
				CURRENT_PROJECT_VERSION = 1;
				DEVELOPMENT_TEAM = PHG65TP2F4;
				ENABLE_PREVIEWS = YES;
				GENERATE_INFOPLIST_FILE = YES;
				INFOPLIST_KEY_UIApplicationSceneManifest_Generation = YES;
				INFOPLIST_KEY_UIApplicationSupportsIndirectInputEvents = YES;
				INFOPLIST_KEY_UILaunchScreen_Generation = YES;
				INFOPLIST_KEY_UISupportedInterfaceOrientations_iPad = "UIInterfaceOrientationPortrait UIInterfaceOrientationPortraitUpsideDown UIInterfaceOrientationLandscapeLeft UIInterfaceOrientationLandscapeRight";
				INFOPLIST_KEY_UISupportedInterfaceOrientations_iPhone = "UIInterfaceOrientationPortrait UIInterfaceOrientationLandscapeLeft UIInterfaceOrientationLandscapeRight";
				IPHONEOS_DEPLOYMENT_TARGET = 15.2;
				LD_RUNPATH_SEARCH_PATHS = (
					"$(inherited)",
					"@executable_path/Frameworks",
				);
				MARKETING_VERSION = 1.0;
				PRODUCT_BUNDLE_IDENTIFIER = com.cuong.blueprint;
				PRODUCT_NAME = blueprint;
				SDKROOT = iphoneos;
				SWIFT_EMIT_LOC_STRINGS = YES;
				SWIFT_VERSION = 5.0;
				TARGETED_DEVICE_FAMILY = "1,2";
				VALIDATE_PRODUCT = YES;
			};
			name = Release;
		};
		5EE163AF27D65ED700EA0B84 /* Debug */ = {
			isa = XCBuildConfiguration;
			buildSettings = {
				ASSETCATALOG_COMPILER_APPICON_NAME = AppIcon;
				ASSETCATALOG_COMPILER_GLOBAL_ACCENT_COLOR_NAME = AccentColor;
				CODE_SIGN_ENTITLEMENTS = macOS/macOS.entitlements;
				CODE_SIGN_STYLE = Automatic;
				COMBINE_HIDPI_IMAGES = YES;
				CURRENT_PROJECT_VERSION = 1;
				DEVELOPMENT_TEAM = PHG65TP2F4;
				ENABLE_HARDENED_RUNTIME = YES;
				ENABLE_PREVIEWS = YES;
				GENERATE_INFOPLIST_FILE = YES;
				INFOPLIST_KEY_NSHumanReadableCopyright = "";
				LD_RUNPATH_SEARCH_PATHS = (
					"$(inherited)",
					"@executable_path/../Frameworks",
				);
				MACOSX_DEPLOYMENT_TARGET = 12.1;
				MARKETING_VERSION = 1.0;
				PRODUCT_BUNDLE_IDENTIFIER = com.cuong.blueprint;
				PRODUCT_NAME = blueprint;
				SDKROOT = macosx;
				SWIFT_EMIT_LOC_STRINGS = YES;
				SWIFT_VERSION = 5.0;
			};
			name = Debug;
		};
		5EE163B027D65ED700EA0B84 /* Release */ = {
			isa = XCBuildConfiguration;
			buildSettings = {
				ASSETCATALOG_COMPILER_APPICON_NAME = AppIcon;
				ASSETCATALOG_COMPILER_GLOBAL_ACCENT_COLOR_NAME = AccentColor;
				CODE_SIGN_ENTITLEMENTS = macOS/macOS.entitlements;
				CODE_SIGN_STYLE = Automatic;
				COMBINE_HIDPI_IMAGES = YES;
				CURRENT_PROJECT_VERSION = 1;
				DEVELOPMENT_TEAM = PHG65TP2F4;
				ENABLE_HARDENED_RUNTIME = YES;
				ENABLE_PREVIEWS = YES;
				GENERATE_INFOPLIST_FILE = YES;
				INFOPLIST_KEY_NSHumanReadableCopyright = "";
				LD_RUNPATH_SEARCH_PATHS = (
					"$(inherited)",
					"@executable_path/../Frameworks",
				);
				MACOSX_DEPLOYMENT_TARGET = 12.1;
				MARKETING_VERSION = 1.0;
				PRODUCT_BUNDLE_IDENTIFIER = com.cuong.blueprint;
				PRODUCT_NAME = blueprint;
				SDKROOT = macosx;
				SWIFT_EMIT_LOC_STRINGS = YES;
				SWIFT_VERSION = 5.0;
			};
			name = Release;
		};
		5EE163B227D65ED700EA0B84 /* Debug */ = {
			isa = XCBuildConfiguration;
			buildSettings = {
				ALWAYS_EMBED_SWIFT_STANDARD_LIBRARIES = YES;
				CODE_SIGN_STYLE = Automatic;
				CURRENT_PROJECT_VERSION = 1;
				DEVELOPMENT_TEAM = PHG65TP2F4;
				GENERATE_INFOPLIST_FILE = YES;
				IPHONEOS_DEPLOYMENT_TARGET = 15.2;
				MARKETING_VERSION = 1.0;
				PRODUCT_BUNDLE_IDENTIFIER = "com.cuong.Tests-iOS";
				PRODUCT_NAME = "$(TARGET_NAME)";
				SDKROOT = iphoneos;
				SWIFT_EMIT_LOC_STRINGS = NO;
				SWIFT_VERSION = 5.0;
				TARGETED_DEVICE_FAMILY = "1,2";
				TEST_TARGET_NAME = "blueprint (iOS)";
			};
			name = Debug;
		};
		5EE163B327D65ED700EA0B84 /* Release */ = {
			isa = XCBuildConfiguration;
			buildSettings = {
				ALWAYS_EMBED_SWIFT_STANDARD_LIBRARIES = YES;
				CODE_SIGN_STYLE = Automatic;
				CURRENT_PROJECT_VERSION = 1;
				DEVELOPMENT_TEAM = PHG65TP2F4;
				GENERATE_INFOPLIST_FILE = YES;
				IPHONEOS_DEPLOYMENT_TARGET = 15.2;
				MARKETING_VERSION = 1.0;
				PRODUCT_BUNDLE_IDENTIFIER = "com.cuong.Tests-iOS";
				PRODUCT_NAME = "$(TARGET_NAME)";
				SDKROOT = iphoneos;
				SWIFT_EMIT_LOC_STRINGS = NO;
				SWIFT_VERSION = 5.0;
				TARGETED_DEVICE_FAMILY = "1,2";
				TEST_TARGET_NAME = "blueprint (iOS)";
				VALIDATE_PRODUCT = YES;
			};
			name = Release;
		};
		5EE163B527D65ED700EA0B84 /* Debug */ = {
			isa = XCBuildConfiguration;
			buildSettings = {
				ALWAYS_EMBED_SWIFT_STANDARD_LIBRARIES = YES;
				CODE_SIGN_STYLE = Automatic;
				CURRENT_PROJECT_VERSION = 1;
				DEVELOPMENT_TEAM = PHG65TP2F4;
				GENERATE_INFOPLIST_FILE = YES;
				MACOSX_DEPLOYMENT_TARGET = 12.1;
				MARKETING_VERSION = 1.0;
				PRODUCT_BUNDLE_IDENTIFIER = "com.cuong.Tests-macOS";
				PRODUCT_NAME = "$(TARGET_NAME)";
				SDKROOT = macosx;
				SWIFT_EMIT_LOC_STRINGS = NO;
				SWIFT_VERSION = 5.0;
				TEST_TARGET_NAME = "blueprint (macOS)";
			};
			name = Debug;
		};
		5EE163B627D65ED700EA0B84 /* Release */ = {
			isa = XCBuildConfiguration;
			buildSettings = {
				ALWAYS_EMBED_SWIFT_STANDARD_LIBRARIES = YES;
				CODE_SIGN_STYLE = Automatic;
				CURRENT_PROJECT_VERSION = 1;
				DEVELOPMENT_TEAM = PHG65TP2F4;
				GENERATE_INFOPLIST_FILE = YES;
				MACOSX_DEPLOYMENT_TARGET = 12.1;
				MARKETING_VERSION = 1.0;
				PRODUCT_BUNDLE_IDENTIFIER = "com.cuong.Tests-macOS";
				PRODUCT_NAME = "$(TARGET_NAME)";
				SDKROOT = macosx;
				SWIFT_EMIT_LOC_STRINGS = NO;
				SWIFT_VERSION = 5.0;
				TEST_TARGET_NAME = "blueprint (macOS)";
			};
			name = Release;
		};
/* End XCBuildConfiguration section */

/* Begin XCConfigurationList section */
		5EE1637227D65ED600EA0B84 /* Build configuration list for PBXProject "blueprint" */ = {
			isa = XCConfigurationList;
			buildConfigurations = (
				5EE163A927D65ED700EA0B84 /* Debug */,
				5EE163AA27D65ED700EA0B84 /* Release */,
			);
			defaultConfigurationIsVisible = 0;
			defaultConfigurationName = Release;
		};
		5EE163AB27D65ED700EA0B84 /* Build configuration list for PBXNativeTarget "blueprint (iOS)" */ = {
			isa = XCConfigurationList;
			buildConfigurations = (
				5EE163AC27D65ED700EA0B84 /* Debug */,
				5EE163AD27D65ED700EA0B84 /* Release */,
			);
			defaultConfigurationIsVisible = 0;
			defaultConfigurationName = Release;
		};
		5EE163AE27D65ED700EA0B84 /* Build configuration list for PBXNativeTarget "blueprint (macOS)" */ = {
			isa = XCConfigurationList;
			buildConfigurations = (
				5EE163AF27D65ED700EA0B84 /* Debug */,
				5EE163B027D65ED700EA0B84 /* Release */,
			);
			defaultConfigurationIsVisible = 0;
			defaultConfigurationName = Release;
		};
		5EE163B127D65ED700EA0B84 /* Build configuration list for PBXNativeTarget "Tests iOS" */ = {
			isa = XCConfigurationList;
			buildConfigurations = (
				5EE163B227D65ED700EA0B84 /* Debug */,
				5EE163B327D65ED700EA0B84 /* Release */,
			);
			defaultConfigurationIsVisible = 0;
			defaultConfigurationName = Release;
		};
		5EE163B427D65ED700EA0B84 /* Build configuration list for PBXNativeTarget "Tests macOS" */ = {
			isa = XCConfigurationList;
			buildConfigurations = (
				5EE163B527D65ED700EA0B84 /* Debug */,
				5EE163B627D65ED700EA0B84 /* Release */,
			);
			defaultConfigurationIsVisible = 0;
			defaultConfigurationName = Release;
		};
/* End XCConfigurationList section */

/* Begin XCRemoteSwiftPackageReference section */
		5EE163B727D6609800EA0B84 /* XCRemoteSwiftPackageReference "swift-composable-architecture" */ = {
			isa = XCRemoteSwiftPackageReference;
			repositoryURL = "https://github.com/pointfreeco/swift-composable-architecture";
			requirement = {
				kind = upToNextMajorVersion;
				minimumVersion = 0.9.0;
			};
		};
/* End XCRemoteSwiftPackageReference section */

/* Begin XCSwiftPackageProductDependency section */
		5EE163B827D6609800EA0B84 /* ComposableArchitecture */ = {
			isa = XCSwiftPackageProductDependency;
			package = 5EE163B727D6609800EA0B84 /* XCRemoteSwiftPackageReference "swift-composable-architecture" */;
			productName = ComposableArchitecture;
		};
/* End XCSwiftPackageProductDependency section */

/* Begin XCVersionGroup section */
		5EE1637427D65ED600EA0B84 /* blueprint.xcdatamodeld */ = {
			isa = XCVersionGroup;
			children = (
				5EE1637527D65ED600EA0B84 /* Shared.xcdatamodel */,
			);
			currentVersion = 5EE1637527D65ED600EA0B84 /* Shared.xcdatamodel */;
			path = blueprint.xcdatamodeld;
			sourceTree = "<group>";
			versionGroupType = wrapper.xcdatamodel;
		};
/* End XCVersionGroup section */
	};
	rootObject = 5EE1636F27D65ED600EA0B84 /* Project object */;
}
